
Microsoft Visual Studio Solution File, Format Version 12.00
# Visual Studio Version 16
VisualStudioVersion = 16.0.30907.101
MinimumVisualStudioVersion = 10.0.40219.1
Project("{9A19103F-16F7-4668-BE54-9A1E7A4F7556}") = "Constructors", "Constructors\Constructors.csproj", "{D228CB3A-CA74-4C61-8F48-EA47DF16FC23}"
EndProject
Project("{FAE04EC0-301F-11D3-BF4B-00C04F79EFBC}") = "Referance_And_Value_Type", "..\Referance_And_Value_Type\Referance_And_Value_Type.csproj", "{9E0DD6B6-E2F5-4F64-863F-53611893446E}"
EndProject
Project("{FAE04EC0-301F-11D3-BF4B-00C04F79EFBC}") = "ConsoleApp1", "..\ConsoleApp1\ConsoleApp1.csproj", "{E8199101-B658-43AA-9CF3-9EBAC5A66313}"
EndProject
Global
	GlobalSection(SolutionConfigurationPlatforms) = preSolution
		Debug|Any CPU = Debug|Any CPU
		Release|Any CPU = Release|Any CPU
	EndGlobalSection
	GlobalSection(ProjectConfigurationPlatforms) = postSolution
		{D228CB3A-CA74-4C61-8F48-EA47DF16FC23}.Debug|Any CPU.ActiveCfg = Debug|Any CPU
		{D228CB3A-CA74-4C61-8F48-EA47DF16FC23}.Debug|Any CPU.Build.0 = Debug|Any CPU
		{D228CB3A-CA74-4C61-8F48-EA47DF16FC23}.Release|Any CPU.ActiveCfg = Release|Any CPU
		{D228CB3A-CA74-4C61-8F48-EA47DF16FC23}.Release|Any CPU.Build.0 = Release|Any CPU
		{9E0DD6B6-E2F5-4F64-863F-53611893446E}.Debug|Any CPU.ActiveCfg = Debug|Any CPU
		{9E0DD6B6-E2F5-4F64-863F-53611893446E}.Debug|Any CPU.Build.0 = Debug|Any CPU
		{9E0DD6B6-E2F5-4F64-863F-53611893446E}.Release|Any CPU.ActiveCfg = Release|Any CPU
		{9E0DD6B6-E2F5-4F64-863F-53611893446E}.Release|Any CPU.Build.0 = Release|Any CPU
		{E8199101-B658-43AA-9CF3-9EBAC5A66313}.Debug|Any CPU.ActiveCfg = Debug|Any CPU
		{E8199101-B658-43AA-9CF3-9EBAC5A66313}.Debug|Any CPU.Build.0 = Debug|Any CPU
		{E8199101-B658-43AA-9CF3-9EBAC5A66313}.Release|Any CPU.ActiveCfg = Release|Any CPU
		{E8199101-B658-43AA-9CF3-9EBAC5A66313}.Release|Any CPU.Build.0 = Release|Any CPU
	EndGlobalSection
	GlobalSection(SolutionProperties) = preSolution
		HideSolutionNode = FALSE
	EndGlobalSection
	GlobalSection(ExtensibilityGlobals) = postSolution
		SolutionGuid = {CCD0983F-6027-43AC-9EDD-717552D38C5F}
	EndGlobalSection
EndGlobal
