
Microsoft Visual Studio Solution File, Format Version 12.00
# Visual Studio Version 16
VisualStudioVersion = 16.0.30907.101
MinimumVisualStudioVersion = 10.0.40219.1
Project("{FAE04EC0-301F-11D3-BF4B-00C04F79EFBC}") = "5", "5\5.csproj", "{AF75541B-97E6-42D8-BFE2-8E24261B3C96}"
EndProject
Global
	GlobalSection(SolutionConfigurationPlatforms) = preSolution
		Debug|Any CPU = Debug|Any CPU
		Release|Any CPU = Release|Any CPU
	EndGlobalSection
	GlobalSection(ProjectConfigurationPlatforms) = postSolution
		{AF75541B-97E6-42D8-BFE2-8E24261B3C96}.Debug|Any CPU.ActiveCfg = Debug|Any CPU
		{AF75541B-97E6-42D8-BFE2-8E24261B3C96}.Debug|Any CPU.Build.0 = Debug|Any CPU
		{AF75541B-97E6-42D8-BFE2-8E24261B3C96}.Release|Any CPU.ActiveCfg = Release|Any CPU
		{AF75541B-97E6-42D8-BFE2-8E24261B3C96}.Release|Any CPU.Build.0 = Release|Any CPU
	EndGlobalSection
	GlobalSection(SolutionProperties) = preSolution
		HideSolutionNode = FALSE
	EndGlobalSection
	GlobalSection(ExtensibilityGlobals) = postSolution
		SolutionGuid = {9BBF83AA-AC0B-44A1-8B7E-7CC308D2C2D7}
	EndGlobalSection
EndGlobal
